{
    "_readme": [
        "This file locks the dependencies of your project to a known state",
        "Read more about it at https://getcomposer.org/doc/01-basic-usage.md#installing-dependencies",
        "This file is @generated automatically"
    ],
    "content-hash": "19b4d4d7ff95cbc1223a9d419e02458f",
    "packages": [
        {
            "name": "convertapi/convertapi-php",
            "version": "v1.1.0",
            "source": {
                "type": "git",
                "url": "https://github.com/ConvertAPI/convertapi-php.git",
                "reference": "76d523b202ec2bc0b93a939ddd446398a54d7a79"
            },
            "dist": {
                "type": "zip",
                "url": "https://api.github.com/repos/ConvertAPI/convertapi-php/zipball/76d523b202ec2bc0b93a939ddd446398a54d7a79",
                "reference": "76d523b202ec2bc0b93a939ddd446398a54d7a79",
                "shasum": ""
            },
            "require": {
                "ext-curl": "*",
                "ext-json": "*",
                "php": ">=5.4.0"
            },
            "require-dev": {
                "phpunit/phpunit": "~4.0"
            },
            "type": "library",
            "autoload": {
                "psr-0": {
                    "ConvertApi\\": "lib/"
                }
            },
            "notification-url": "https://packagist.org/downloads/",
            "license": [
                "MIT"
            ],
            "authors": [
                {
                    "name": "ConvertAPI and contributors",
                    "homepage": "https://github.com/ConvertAPI/convertapi-php/graphs/contributors"
                }
            ],
            "description": "Convert API PHP Client",
            "homepage": "https://github.com/ConvertAPI/convertapi-php",
            "keywords": [
                "api",
                "client",
                "conversion",
                "convert"
            ],
            "time": "2018-09-30T08:12:25+00:00"
        },
        {
            "name": "ilovepdf/ilovepdf-php",
            "version": "v1.1.12",
            "source": {
                "type": "git",
                "url": "https://github.com/ilovepdf/ilovepdf-php.git",
                "reference": "19545db51e6110992c1448a4405b0e1b2b8ba977"
            },
            "dist": {
                "type": "zip",
                "url": "https://api.github.com/repos/ilovepdf/ilovepdf-php/zipball/19545db51e6110992c1448a4405b0e1b2b8ba977",
                "reference": "19545db51e6110992c1448a4405b0e1b2b8ba977",
                "shasum": ""
            },
            "require": {
                "ext-curl": "*",
                "php": ">=5.5.9"
            },
            "require-dev": {
                "phpunit/phpunit": "^6.1"
            },
            "type": "library",
            "autoload": {
                "psr-4": {
                    "Ilovepdf\\": "src/"
                }
            },
            "notification-url": "https://packagist.org/downloads/",
            "license": [
                "MIT"
            ],
            "authors": [
                {
                    "name": "ilovepdf",
                    "email": "info@ilovepdf.com"
                }
            ],
            "description": "iLovePDF Php Api",
            "homepage": "https://ilovepdf.com/",
            "time": "2018-03-27T14:01:41+00:00"
        },
        {
            "name": "imal-h/pdf-box",
            "version": "1.3.0",
            "source": {
                "type": "git",
                "url": "https://github.com/imalhasaranga/PDFLib.git",
                "reference": "771b3f92be53186f86656f6fe41dec0c2bee2e28"
            },
            "dist": {
                "type": "zip",
                "url": "https://api.github.com/repos/imalhasaranga/PDFLib/zipball/771b3f92be53186f86656f6fe41dec0c2bee2e28",
                "reference": "771b3f92be53186f86656f6fe41dec0c2bee2e28",
                "shasum": ""
            },
            "require": {
                "php": ">=5.5.0"
            },
            "require-dev": {
                "phpunit/phpunit": "4.*",
                "scrutinizer/ocular": "~1.1"
            },
            "type": "library",
            "autoload": {
                "psr-4": {
                    "ImalH\\PDFLib\\": "src"
                }
            },
            "notification-url": "https://packagist.org/downloads/",
            "license": [
                "MIT"
            ],
            "authors": [
                {
                    "name": "Imal hasaranga Perera",
                    "email": "imal.hasaranga@gmail.com",
                    "homepage": "http://www.treinetic.com",
                    "role": "CEO"
                }
            ],
            "description": "Current Release of PDFlib provide you methods to convert PDF to Images as well as Images to PDF.",
            "homepage": "https://github.com/imalhasaranga/PDFLib.git",
            "keywords": [
                "Imal hasaranga",
                "PDFlib for Php",
                "PHP wrapper",
                "convert",
                "ghostscript",
                "images to pdf",
                "pdf to images"
            ],
            "time": "2019-03-19T12:29:04+00:00"
        },
        {
            "name": "mashape/unirest-php",
            "version": "v3.0.4",
            "source": {
                "type": "git",
                "url": "https://github.com/Mashape/unirest-php.git",
                "reference": "842c0f242dfaaf85f16b72e217bf7f7c19ab12cb"
            },
            "dist": {
                "type": "zip",
                "url": "https://api.github.com/repos/Mashape/unirest-php/zipball/842c0f242dfaaf85f16b72e217bf7f7c19ab12cb",
                "reference": "842c0f242dfaaf85f16b72e217bf7f7c19ab12cb",
                "shasum": ""
            },
            "require": {
                "ext-curl": "*",
                "php": ">=5.4.0"
            },
            "require-dev": {
                "codeclimate/php-test-reporter": "0.1.*",
                "phpunit/phpunit": "~4.4"
            },
            "suggest": {
                "ext-json": "Allows using JSON Bodies for sending and parsing requests"
            },
            "type": "library",
            "autoload": {
                "psr-0": {
                    "Unirest\\": "src/"
                }
            },
            "notification-url": "https://packagist.org/downloads/",
            "license": [
                "MIT"
            ],
            "description": "Unirest PHP",
            "homepage": "https://github.com/Mashape/unirest-php",
            "keywords": [
                "client",
                "curl",
                "http",
                "https",
                "rest"
            ],
            "time": "2016-08-11T17:49:21+00:00"
        },
        {
            "name": "spatie/pdf-to-image",
            "version": "1.8.1",
            "source": {
                "type": "git",
                "url": "https://github.com/spatie/pdf-to-image.git",
                "reference": "f33afc92ff7bff272fa6a9ba1cc335e96c57eb26"
            },
            "dist": {
                "type": "zip",
                "url": "https://api.github.com/repos/spatie/pdf-to-image/zipball/f33afc92ff7bff272fa6a9ba1cc335e96c57eb26",
                "reference": "f33afc92ff7bff272fa6a9ba1cc335e96c57eb26",
                "shasum": ""
            },
            "require": {
                "ext-imagick": "*",
                "php": "^7.0"
            },
            "require-dev": {
                "phpunit/phpunit": "^6.2"
            },
            "type": "library",
            "autoload": {
                "psr-4": {
                    "Spatie\\PdfToImage\\": "src"
                }
            },
            "notification-url": "https://packagist.org/downloads/",
            "license": [
                "MIT"
            ],
            "authors": [
                {
                    "name": "Freek Van der Herten",
                    "email": "freek@spatie.be",
                    "homepage": "https://spatie.be",
                    "role": "Developer"
                }
            ],
            "description": "Convert a pdf to an image",
            "homepage": "https://github.com/spatie/pdf-to-image",
            "keywords": [
                "convert",
                "image",
                "pdf",
                "pdf-to-image",
                "spatie"
            ],
            "time": "2018-07-02T09:30:32+00:00"
        }
    ],
    "packages-dev": [],
    "aliases": [],
    "minimum-stability": "stable",
    "stability-flags": [],
    "prefer-stable": false,
    "prefer-lowest": false,
    "platform": [],
    "platform-dev": []
}
